
Microsoft Visual Studio Solution File, Format Version 12.00
# Visual Studio Version 17
VisualStudioVersion = 17.4.33122.133
MinimumVisualStudioVersion = 10.0.40219.1
Project("{FAE04EC0-301F-11D3-BF4B-00C04F79EFBC}") = "SignUP", "SignUP\SignUP.csproj", "{D0239E79-9BCD-4956-850A-2B160E3B7962}"
EndProject
Global
	GlobalSection(SolutionConfigurationPlatforms) = preSolution
		Debug|Any CPU = Debug|Any CPU
		Release|Any CPU = Release|Any CPU
	EndGlobalSection
	GlobalSection(ProjectConfigurationPlatforms) = postSolution
		{D0239E79-9BCD-4956-850A-2B160E3B7962}.Debug|Any CPU.ActiveCfg = Debug|Any CPU
		{D0239E79-9BCD-4956-850A-2B160E3B7962}.Debug|Any CPU.Build.0 = Debug|Any CPU
		{D0239E79-9BCD-4956-850A-2B160E3B7962}.Release|Any CPU.ActiveCfg = Release|Any CPU
		{D0239E79-9BCD-4956-850A-2B160E3B7962}.Release|Any CPU.Build.0 = Release|Any CPU
	EndGlobalSection
	GlobalSection(SolutionProperties) = preSolution
		HideSolutionNode = FALSE
	EndGlobalSection
	GlobalSection(ExtensibilityGlobals) = postSolution
		SolutionGuid = {42BE7005-1548-45E8-AF81-6951733535A9}
	EndGlobalSection
EndGlobal
